
Microsoft Visual Studio Solution File, Format Version 12.00
# Visual Studio 14
VisualStudioVersion = 14.0.25420.1
MinimumVisualStudioVersion = 10.0.40219.1
Project("{FAE04EC0-301F-11D3-BF4B-00C04F79EFBC}") = "ProgFundExtended_DataTypes", "ProgFundamentalsExtended\ProgFundExtended_DataTypes.csproj", "{3FC78A5C-5C31-4F7D-A642-7815A9F043F5}"
EndProject
Project("{FAE04EC0-301F-11D3-BF4B-00C04F79EFBC}") = "ProgFundExtendet_Methods", "ProgFundExtendet_Methods\ProgFundExtendet_Methods.csproj", "{90D644CD-8A47-46E8-A6F1-E47BD86050AB}"
EndProject
Project("{FAE04EC0-301F-11D3-BF4B-00C04F79EFBC}") = "ProgFundExtended_SimpleArrays", "ProgFundExtended_SimpleArrays\ProgFundExtended_SimpleArrays.csproj", "{BE64462E-DF94-49ED-9C99-17AE9B4B5D06}"
EndProject
Project("{FAE04EC0-301F-11D3-BF4B-00C04F79EFBC}") = "ProgFundExtArraysMore", "ProgFundExtArraysMore\ProgFundExtArraysMore.csproj", "{5922685C-B568-44E2-87F8-497B318DD74F}"
EndProject
Global
	GlobalSection(SolutionConfigurationPlatforms) = preSolution
		Debug|Any CPU = Debug|Any CPU
		Release|Any CPU = Release|Any CPU
	EndGlobalSection
	GlobalSection(ProjectConfigurationPlatforms) = postSolution
		{3FC78A5C-5C31-4F7D-A642-7815A9F043F5}.Debug|Any CPU.ActiveCfg = Debug|Any CPU
		{3FC78A5C-5C31-4F7D-A642-7815A9F043F5}.Debug|Any CPU.Build.0 = Debug|Any CPU
		{3FC78A5C-5C31-4F7D-A642-7815A9F043F5}.Release|Any CPU.ActiveCfg = Release|Any CPU
		{3FC78A5C-5C31-4F7D-A642-7815A9F043F5}.Release|Any CPU.Build.0 = Release|Any CPU
		{90D644CD-8A47-46E8-A6F1-E47BD86050AB}.Debug|Any CPU.ActiveCfg = Debug|Any CPU
		{90D644CD-8A47-46E8-A6F1-E47BD86050AB}.Debug|Any CPU.Build.0 = Debug|Any CPU
		{90D644CD-8A47-46E8-A6F1-E47BD86050AB}.Release|Any CPU.ActiveCfg = Release|Any CPU
		{90D644CD-8A47-46E8-A6F1-E47BD86050AB}.Release|Any CPU.Build.0 = Release|Any CPU
		{BE64462E-DF94-49ED-9C99-17AE9B4B5D06}.Debug|Any CPU.ActiveCfg = Debug|Any CPU
		{BE64462E-DF94-49ED-9C99-17AE9B4B5D06}.Debug|Any CPU.Build.0 = Debug|Any CPU
		{BE64462E-DF94-49ED-9C99-17AE9B4B5D06}.Release|Any CPU.ActiveCfg = Release|Any CPU
		{BE64462E-DF94-49ED-9C99-17AE9B4B5D06}.Release|Any CPU.Build.0 = Release|Any CPU
		{5922685C-B568-44E2-87F8-497B318DD74F}.Debug|Any CPU.ActiveCfg = Debug|Any CPU
		{5922685C-B568-44E2-87F8-497B318DD74F}.Debug|Any CPU.Build.0 = Debug|Any CPU
		{5922685C-B568-44E2-87F8-497B318DD74F}.Release|Any CPU.ActiveCfg = Release|Any CPU
		{5922685C-B568-44E2-87F8-497B318DD74F}.Release|Any CPU.Build.0 = Release|Any CPU
	EndGlobalSection
	GlobalSection(SolutionProperties) = preSolution
		HideSolutionNode = FALSE
	EndGlobalSection
EndGlobal
